// !$*UTF8*$!
{
	archiveVersion = 1;
	classes = {
	};
	objectVersion = 56;
	objects = {

/* Begin PBXBuildFile section */
		DBB7EED628FCC405000A2BCB /* PaklanApp.swift in Sources */ = {isa = PBXBuildFile; fileRef = DBB7EED528FCC405000A2BCB /* PaklanApp.swift */; };
		DBB7EED828FCC405000A2BCB /* ContentView.swift in Sources */ = {isa = PBXBuildFile; fileRef = DBB7EED728FCC405000A2BCB /* ContentView.swift */; };
		DBB7EEDA28FCC407000A2BCB /* Assets.xcassets in Resources */ = {isa = PBXBuildFile; fileRef = DBB7EED928FCC407000A2BCB /* Assets.xcassets */; };
		DBB7EEDD28FCC407000A2BCB /* Preview Assets.xcassets in Resources */ = {isa = PBXBuildFile; fileRef = DBB7EEDC28FCC407000A2BCB /* Preview Assets.xcassets */; };
		DBB7EEE728FCC408000A2BCB /* PaklanTests.swift in Sources */ = {isa = PBXBuildFile; fileRef = DBB7EEE628FCC408000A2BCB /* PaklanTests.swift */; };
		DBB7EEF128FCC408000A2BCB /* PaklanUITests.swift in Sources */ = {isa = PBXBuildFile; fileRef = DBB7EEF028FCC408000A2BCB /* PaklanUITests.swift */; };
		DBB7EEF328FCC408000A2BCB /* PaklanUITestsLaunchTests.swift in Sources */ = {isa = PBXBuildFile; fileRef = DBB7EEF228FCC408000A2BCB /* PaklanUITestsLaunchTests.swift */; };
		DBB7EF0128FCC7A9000A2BCB /* FirebaseAnalytics in Frameworks */ = {isa = PBXBuildFile; productRef = DBB7EF0028FCC7A9000A2BCB /* FirebaseAnalytics */; };
		DBB7EF0328FCC7A9000A2BCB /* FirebaseAnalyticsSwift in Frameworks */ = {isa = PBXBuildFile; productRef = DBB7EF0228FCC7A9000A2BCB /* FirebaseAnalyticsSwift */; };
		DBB7EF0528FCC7A9000A2BCB /* FirebaseAuth in Frameworks */ = {isa = PBXBuildFile; productRef = DBB7EF0428FCC7A9000A2BCB /* FirebaseAuth */; };
		DBB7EF0728FCC7A9000A2BCB /* FirebaseDatabase in Frameworks */ = {isa = PBXBuildFile; productRef = DBB7EF0628FCC7A9000A2BCB /* FirebaseDatabase */; };
		DBB7EF0928FCC7A9000A2BCB /* FirebaseDatabaseSwift in Frameworks */ = {isa = PBXBuildFile; productRef = DBB7EF0828FCC7A9000A2BCB /* FirebaseDatabaseSwift */; };
		DBB7EF0B28FCC7A9000A2BCB /* FirebaseFirestore in Frameworks */ = {isa = PBXBuildFile; productRef = DBB7EF0A28FCC7A9000A2BCB /* FirebaseFirestore */; };
		DBB7EF0D28FCC8BA000A2BCB /* GoogleService-Info.plist in Resources */ = {isa = PBXBuildFile; fileRef = DBB7EF0C28FCC8BA000A2BCB /* GoogleService-Info.plist */; };
/* End PBXBuildFile section */

/* Begin PBXContainerItemProxy section */
		DBB7EEE328FCC408000A2BCB /* PBXContainerItemProxy */ = {
			isa = PBXContainerItemProxy;
			containerPortal = DBB7EECA28FCC405000A2BCB /* Project object */;
			proxyType = 1;
			remoteGlobalIDString = DBB7EED128FCC405000A2BCB;
			remoteInfo = Paklan;
		};
		DBB7EEED28FCC408000A2BCB /* PBXContainerItemProxy */ = {
			isa = PBXContainerItemProxy;
			containerPortal = DBB7EECA28FCC405000A2BCB /* Project object */;
			proxyType = 1;
			remoteGlobalIDString = DBB7EED128FCC405000A2BCB;
			remoteInfo = Paklan;
		};
/* End PBXContainerItemProxy section */

/* Begin PBXFileReference section */
		DBB7EED228FCC405000A2BCB /* Paklan.app */ = {isa = PBXFileReference; explicitFileType = wrapper.application; includeInIndex = 0; path = Paklan.app; sourceTree = BUILT_PRODUCTS_DIR; };
		DBB7EED528FCC405000A2BCB /* PaklanApp.swift */ = {isa = PBXFileReference; lastKnownFileType = sourcecode.swift; path = PaklanApp.swift; sourceTree = "<group>"; };
		DBB7EED728FCC405000A2BCB /* ContentView.swift */ = {isa = PBXFileReference; lastKnownFileType = sourcecode.swift; path = ContentView.swift; sourceTree = "<group>"; };
		DBB7EED928FCC407000A2BCB /* Assets.xcassets */ = {isa = PBXFileReference; lastKnownFileType = folder.assetcatalog; path = Assets.xcassets; sourceTree = "<group>"; };
		DBB7EEDC28FCC407000A2BCB /* Preview Assets.xcassets */ = {isa = PBXFileReference; lastKnownFileType = folder.assetcatalog; path = "Preview Assets.xcassets"; sourceTree = "<group>"; };
		DBB7EEE228FCC408000A2BCB /* PaklanTests.xctest */ = {isa = PBXFileReference; explicitFileType = wrapper.cfbundle; includeInIndex = 0; path = PaklanTests.xctest; sourceTree = BUILT_PRODUCTS_DIR; };
		DBB7EEE628FCC408000A2BCB /* PaklanTests.swift */ = {isa = PBXFileReference; lastKnownFileType = sourcecode.swift; path = PaklanTests.swift; sourceTree = "<group>"; };
		DBB7EEEC28FCC408000A2BCB /* PaklanUITests.xctest */ = {isa = PBXFileReference; explicitFileType = wrapper.cfbundle; includeInIndex = 0; path = PaklanUITests.xctest; sourceTree = BUILT_PRODUCTS_DIR; };
		DBB7EEF028FCC408000A2BCB /* PaklanUITests.swift */ = {isa = PBXFileReference; lastKnownFileType = sourcecode.swift; path = PaklanUITests.swift; sourceTree = "<group>"; };
		DBB7EEF228FCC408000A2BCB /* PaklanUITestsLaunchTests.swift */ = {isa = PBXFileReference; lastKnownFileType = sourcecode.swift; path = PaklanUITestsLaunchTests.swift; sourceTree = "<group>"; };
		DBB7EF0C28FCC8BA000A2BCB /* GoogleService-Info.plist */ = {isa = PBXFileReference; fileEncoding = 4; lastKnownFileType = text.plist.xml; path = "GoogleService-Info.plist"; sourceTree = "<group>"; };
/* End PBXFileReference section */

/* Begin PBXFrameworksBuildPhase section */
		DBB7EECF28FCC405000A2BCB /* Frameworks */ = {
			isa = PBXFrameworksBuildPhase;
			buildActionMask = 2147483647;
			files = (
				DBB7EF0928FCC7A9000A2BCB /* FirebaseDatabaseSwift in Frameworks */,
				DBB7EF0328FCC7A9000A2BCB /* FirebaseAnalyticsSwift in Frameworks */,
				DBB7EF0528FCC7A9000A2BCB /* FirebaseAuth in Frameworks */,
				DBB7EF0728FCC7A9000A2BCB /* FirebaseDatabase in Frameworks */,
				DBB7EF0128FCC7A9000A2BCB /* FirebaseAnalytics in Frameworks */,
				DBB7EF0B28FCC7A9000A2BCB /* FirebaseFirestore in Frameworks */,
			);
			runOnlyForDeploymentPostprocessing = 0;
		};
		DBB7EEDF28FCC408000A2BCB /* Frameworks */ = {
			isa = PBXFrameworksBuildPhase;
			buildActionMask = 2147483647;
			files = (
			);
			runOnlyForDeploymentPostprocessing = 0;
		};
		DBB7EEE928FCC408000A2BCB /* Frameworks */ = {
			isa = PBXFrameworksBuildPhase;
			buildActionMask = 2147483647;
			files = (
			);
			runOnlyForDeploymentPostprocessing = 0;
		};
/* End PBXFrameworksBuildPhase section */

/* Begin PBXGroup section */
		DBB7EEC928FCC405000A2BCB = {
			isa = PBXGroup;
			children = (
				DBB7EED428FCC405000A2BCB /* Paklan */,
				DBB7EEE528FCC408000A2BCB /* PaklanTests */,
				DBB7EEEF28FCC408000A2BCB /* PaklanUITests */,
				DBB7EED328FCC405000A2BCB /* Products */,
			);
			sourceTree = "<group>";
		};
		DBB7EED328FCC405000A2BCB /* Products */ = {
			isa = PBXGroup;
			children = (
				DBB7EED228FCC405000A2BCB /* Paklan.app */,
				DBB7EEE228FCC408000A2BCB /* PaklanTests.xctest */,
				DBB7EEEC28FCC408000A2BCB /* PaklanUITests.xctest */,
			);
			name = Products;
			sourceTree = "<group>";
		};
		DBB7EED428FCC405000A2BCB /* Paklan */ = {
			isa = PBXGroup;
			children = (
				DBB7EED528FCC405000A2BCB /* PaklanApp.swift */,
				DBB7EED728FCC405000A2BCB /* ContentView.swift */,
				DBB7EF0C28FCC8BA000A2BCB /* GoogleService-Info.plist */,
				DBB7EED928FCC407000A2BCB /* Assets.xcassets */,
				DBB7EEDB28FCC407000A2BCB /* Preview Content */,
			);
			path = Paklan;
			sourceTree = "<group>";
		};
		DBB7EEDB28FCC407000A2BCB /* Preview Content */ = {
			isa = PBXGroup;
			children = (
				DBB7EEDC28FCC407000A2BCB /* Preview Assets.xcassets */,
			);
			path = "Preview Content";
			sourceTree = "<group>";
		};
		DBB7EEE528FCC408000A2BCB /* PaklanTests */ = {
			isa = PBXGroup;
			children = (
				DBB7EEE628FCC408000A2BCB /* PaklanTests.swift */,
			);
			path = PaklanTests;
			sourceTree = "<group>";
		};
		DBB7EEEF28FCC408000A2BCB /* PaklanUITests */ = {
			isa = PBXGroup;
			children = (
				DBB7EEF028FCC408000A2BCB /* PaklanUITests.swift */,
				DBB7EEF228FCC408000A2BCB /* PaklanUITestsLaunchTests.swift */,
			);
			path = PaklanUITests;
			sourceTree = "<group>";
		};
/* End PBXGroup section */

/* Begin PBXNativeTarget section */
		DBB7EED128FCC405000A2BCB /* Paklan */ = {
			isa = PBXNativeTarget;
			buildConfigurationList = DBB7EEF628FCC408000A2BCB /* Build configuration list for PBXNativeTarget "Paklan" */;
			buildPhases = (
				DBB7EECE28FCC405000A2BCB /* Sources */,
				DBB7EECF28FCC405000A2BCB /* Frameworks */,
				DBB7EED028FCC405000A2BCB /* Resources */,
			);
			buildRules = (
			);
			dependencies = (
			);
			name = Paklan;
			packageProductDependencies = (
				DBB7EF0028FCC7A9000A2BCB /* FirebaseAnalytics */,
				DBB7EF0228FCC7A9000A2BCB /* FirebaseAnalyticsSwift */,
				DBB7EF0428FCC7A9000A2BCB /* FirebaseAuth */,
				DBB7EF0628FCC7A9000A2BCB /* FirebaseDatabase */,
				DBB7EF0828FCC7A9000A2BCB /* FirebaseDatabaseSwift */,
				DBB7EF0A28FCC7A9000A2BCB /* FirebaseFirestore */,
			);
			productName = Paklan;
			productReference = DBB7EED228FCC405000A2BCB /* Paklan.app */;
			productType = "com.apple.product-type.application";
		};
		DBB7EEE128FCC408000A2BCB /* PaklanTests */ = {
			isa = PBXNativeTarget;
			buildConfigurationList = DBB7EEF928FCC408000A2BCB /* Build configuration list for PBXNativeTarget "PaklanTests" */;
			buildPhases = (
				DBB7EEDE28FCC408000A2BCB /* Sources */,
				DBB7EEDF28FCC408000A2BCB /* Frameworks */,
				DBB7EEE028FCC408000A2BCB /* Resources */,
			);
			buildRules = (
			);
			dependencies = (
				DBB7EEE428FCC408000A2BCB /* PBXTargetDependency */,
			);
			name = PaklanTests;
			productName = PaklanTests;
			productReference = DBB7EEE228FCC408000A2BCB /* PaklanTests.xctest */;
			productType = "com.apple.product-type.bundle.unit-test";
		};
		DBB7EEEB28FCC408000A2BCB /* PaklanUITests */ = {
			isa = PBXNativeTarget;
			buildConfigurationList = DBB7EEFC28FCC408000A2BCB /* Build configuration list for PBXNativeTarget "PaklanUITests" */;
			buildPhases = (
				DBB7EEE828FCC408000A2BCB /* Sources */,
				DBB7EEE928FCC408000A2BCB /* Frameworks */,
				DBB7EEEA28FCC408000A2BCB /* Resources */,
			);
			buildRules = (
			);
			dependencies = (
				DBB7EEEE28FCC408000A2BCB /* PBXTargetDependency */,
			);
			name = PaklanUITests;
			productName = PaklanUITests;
			productReference = DBB7EEEC28FCC408000A2BCB /* PaklanUITests.xctest */;
			productType = "com.apple.product-type.bundle.ui-testing";
		};
/* End PBXNativeTarget section */

/* Begin PBXProject section */
		DBB7EECA28FCC405000A2BCB /* Project object */ = {
			isa = PBXProject;
			attributes = {
				BuildIndependentTargetsInParallel = 1;
				LastSwiftUpdateCheck = 1400;
				LastUpgradeCheck = 1400;
				TargetAttributes = {
					DBB7EED128FCC405000A2BCB = {
						CreatedOnToolsVersion = 14.0.1;
					};
					DBB7EEE128FCC408000A2BCB = {
						CreatedOnToolsVersion = 14.0.1;
						TestTargetID = DBB7EED128FCC405000A2BCB;
					};
					DBB7EEEB28FCC408000A2BCB = {
						CreatedOnToolsVersion = 14.0.1;
						TestTargetID = DBB7EED128FCC405000A2BCB;
					};
				};
			};
			buildConfigurationList = DBB7EECD28FCC405000A2BCB /* Build configuration list for PBXProject "Paklan" */;
			compatibilityVersion = "Xcode 14.0";
			developmentRegion = en;
			hasScannedForEncodings = 0;
			knownRegions = (
				en,
				Base,
			);
			mainGroup = DBB7EEC928FCC405000A2BCB;
			packageReferences = (
				DBB7EEFF28FCC7A8000A2BCB /* XCRemoteSwiftPackageReference "firebase-ios-sdk" */,
			);
			productRefGroup = DBB7EED328FCC405000A2BCB /* Products */;
			projectDirPath = "";
			projectRoot = "";
			targets = (
				DBB7EED128FCC405000A2BCB /* Paklan */,
				DBB7EEE128FCC408000A2BCB /* PaklanTests */,
				DBB7EEEB28FCC408000A2BCB /* PaklanUITests */,
			);
		};
/* End PBXProject section */

/* Begin PBXResourcesBuildPhase section */
		DBB7EED028FCC405000A2BCB /* Resources */ = {
			isa = PBXResourcesBuildPhase;
			buildActionMask = 2147483647;
			files = (
				DBB7EEDD28FCC407000A2BCB /* Preview Assets.xcassets in Resources */,
				DBB7EF0D28FCC8BA000A2BCB /* GoogleService-Info.plist in Resources */,
				DBB7EEDA28FCC407000A2BCB /* Assets.xcassets in Resources */,
			);
			runOnlyForDeploymentPostprocessing = 0;
		};
		DBB7EEE028FCC408000A2BCB /* Resources */ = {
			isa = PBXResourcesBuildPhase;
			buildActionMask = 2147483647;
			files = (
			);
			runOnlyForDeploymentPostprocessing = 0;
		};
		DBB7EEEA28FCC408000A2BCB /* Resources */ = {
			isa = PBXResourcesBuildPhase;
			buildActionMask = 2147483647;
			files = (
			);
			runOnlyForDeploymentPostprocessing = 0;
		};
/* End PBXResourcesBuildPhase section */

/* Begin PBXSourcesBuildPhase section */
		DBB7EECE28FCC405000A2BCB /* Sources */ = {
			isa = PBXSourcesBuildPhase;
			buildActionMask = 2147483647;
			files = (
				DBB7EED828FCC405000A2BCB /* ContentView.swift in Sources */,
				DBB7EED628FCC405000A2BCB /* PaklanApp.swift in Sources */,
			);
			runOnlyForDeploymentPostprocessing = 0;
		};
		DBB7EEDE28FCC408000A2BCB /* Sources */ = {
			isa = PBXSourcesBuildPhase;
			buildActionMask = 2147483647;
			files = (
				DBB7EEE728FCC408000A2BCB /* PaklanTests.swift in Sources */,
			);
			runOnlyForDeploymentPostprocessing = 0;
		};
		DBB7EEE828FCC408000A2BCB /* Sources */ = {
			isa = PBXSourcesBuildPhase;
			buildActionMask = 2147483647;
			files = (
				DBB7EEF128FCC408000A2BCB /* PaklanUITests.swift in Sources */,
				DBB7EEF328FCC408000A2BCB /* PaklanUITestsLaunchTests.swift in Sources */,
			);
			runOnlyForDeploymentPostprocessing = 0;
		};
/* End PBXSourcesBuildPhase section */

/* Begin PBXTargetDependency section */
		DBB7EEE428FCC408000A2BCB /* PBXTargetDependency */ = {
			isa = PBXTargetDependency;
			target = DBB7EED128FCC405000A2BCB /* Paklan */;
			targetProxy = DBB7EEE328FCC408000A2BCB /* PBXContainerItemProxy */;
		};
		DBB7EEEE28FCC408000A2BCB /* PBXTargetDependency */ = {
			isa = PBXTargetDependency;
			target = DBB7EED128FCC405000A2BCB /* Paklan */;
			targetProxy = DBB7EEED28FCC408000A2BCB /* PBXContainerItemProxy */;
		};
/* End PBXTargetDependency section */

/* Begin XCBuildConfiguration section */
		DBB7EEF428FCC408000A2BCB /* Debug */ = {
			isa = XCBuildConfiguration;
			buildSettings = {
				ALWAYS_SEARCH_USER_PATHS = NO;
				CLANG_ANALYZER_NONNULL = YES;
				CLANG_ANALYZER_NUMBER_OBJECT_CONVERSION = YES_AGGRESSIVE;
				CLANG_CXX_LANGUAGE_STANDARD = "gnu++20";
				CLANG_ENABLE_MODULES = YES;
				CLANG_ENABLE_OBJC_ARC = YES;
				CLANG_ENABLE_OBJC_WEAK = YES;
				CLANG_WARN_BLOCK_CAPTURE_AUTORELEASING = YES;
				CLANG_WARN_BOOL_CONVERSION = YES;
				CLANG_WARN_COMMA = YES;
				CLANG_WARN_CONSTANT_CONVERSION = YES;
				CLANG_WARN_DEPRECATED_OBJC_IMPLEMENTATIONS = YES;
				CLANG_WARN_DIRECT_OBJC_ISA_USAGE = YES_ERROR;
				CLANG_WARN_DOCUMENTATION_COMMENTS = YES;
				CLANG_WARN_EMPTY_BODY = YES;
				CLANG_WARN_ENUM_CONVERSION = YES;
				CLANG_WARN_INFINITE_RECURSION = YES;
				CLANG_WARN_INT_CONVERSION = YES;
				CLANG_WARN_NON_LITERAL_NULL_CONVERSION = YES;
				CLANG_WARN_OBJC_IMPLICIT_RETAIN_SELF = YES;
				CLANG_WARN_OBJC_LITERAL_CONVERSION = YES;
				CLANG_WARN_OBJC_ROOT_CLASS = YES_ERROR;
				CLANG_WARN_QUOTED_INCLUDE_IN_FRAMEWORK_HEADER = YES;
				CLANG_WARN_RANGE_LOOP_ANALYSIS = YES;
				CLANG_WARN_STRICT_PROTOTYPES = YES;
				CLANG_WARN_SUSPICIOUS_MOVE = YES;
				CLANG_WARN_UNGUARDED_AVAILABILITY = YES_AGGRESSIVE;
				CLANG_WARN_UNREACHABLE_CODE = YES;
				CLANG_WARN__DUPLICATE_METHOD_MATCH = YES;
				COPY_PHASE_STRIP = NO;
				DEBUG_INFORMATION_FORMAT = dwarf;
				ENABLE_STRICT_OBJC_MSGSEND = YES;
				ENABLE_TESTABILITY = YES;
				GCC_C_LANGUAGE_STANDARD = gnu11;
				GCC_DYNAMIC_NO_PIC = NO;
				GCC_NO_COMMON_BLOCKS = YES;
				GCC_OPTIMIZATION_LEVEL = 0;
				GCC_PREPROCESSOR_DEFINITIONS = (
					"DEBUG=1",
					"$(inherited)",
				);
				GCC_WARN_64_TO_32_BIT_CONVERSION = YES;
				GCC_WARN_ABOUT_RETURN_TYPE = YES_ERROR;
				GCC_WARN_UNDECLARED_SELECTOR = YES;
				GCC_WARN_UNINITIALIZED_AUTOS = YES_AGGRESSIVE;
				GCC_WARN_UNUSED_FUNCTION = YES;
				GCC_WARN_UNUSED_VARIABLE = YES;
				IPHONEOS_DEPLOYMENT_TARGET = 16.0;
				MTL_ENABLE_DEBUG_INFO = INCLUDE_SOURCE;
				MTL_FAST_MATH = YES;
				ONLY_ACTIVE_ARCH = YES;
				SDKROOT = iphoneos;
				SWIFT_ACTIVE_COMPILATION_CONDITIONS = DEBUG;
				SWIFT_OPTIMIZATION_LEVEL = "-Onone";
			};
			name = Debug;
		};
		DBB7EEF528FCC408000A2BCB /* Release */ = {
			isa = XCBuildConfiguration;
			buildSettings = {
				ALWAYS_SEARCH_USER_PATHS = NO;
				CLANG_ANALYZER_NONNULL = YES;
				CLANG_ANALYZER_NUMBER_OBJECT_CONVERSION = YES_AGGRESSIVE;
				CLANG_CXX_LANGUAGE_STANDARD = "gnu++20";
				CLANG_ENABLE_MODULES = YES;
				CLANG_ENABLE_OBJC_ARC = YES;
				CLANG_ENABLE_OBJC_WEAK = YES;
				CLANG_WARN_BLOCK_CAPTURE_AUTORELEASING = YES;
				CLANG_WARN_BOOL_CONVERSION = YES;
				CLANG_WARN_COMMA = YES;
				CLANG_WARN_CONSTANT_CONVERSION = YES;
				CLANG_WARN_DEPRECATED_OBJC_IMPLEMENTATIONS = YES;
				CLANG_WARN_DIRECT_OBJC_ISA_USAGE = YES_ERROR;
				CLANG_WARN_DOCUMENTATION_COMMENTS = YES;
				CLANG_WARN_EMPTY_BODY = YES;
				CLANG_WARN_ENUM_CONVERSION = YES;
				CLANG_WARN_INFINITE_RECURSION = YES;
				CLANG_WARN_INT_CONVERSION = YES;
				CLANG_WARN_NON_LITERAL_NULL_CONVERSION = YES;
				CLANG_WARN_OBJC_IMPLICIT_RETAIN_SELF = YES;
				CLANG_WARN_OBJC_LITERAL_CONVERSION = YES;
				CLANG_WARN_OBJC_ROOT_CLASS = YES_ERROR;
				CLANG_WARN_QUOTED_INCLUDE_IN_FRAMEWORK_HEADER = YES;
				CLANG_WARN_RANGE_LOOP_ANALYSIS = YES;
				CLANG_WARN_STRICT_PROTOTYPES = YES;
				CLANG_WARN_SUSPICIOUS_MOVE = YES;
				CLANG_WARN_UNGUARDED_AVAILABILITY = YES_AGGRESSIVE;
				CLANG_WARN_UNREACHABLE_CODE = YES;
				CLANG_WARN__DUPLICATE_METHOD_MATCH = YES;
				COPY_PHASE_STRIP = NO;
				DEBUG_INFORMATION_FORMAT = "dwarf-with-dsym";
				ENABLE_NS_ASSERTIONS = NO;
				ENABLE_STRICT_OBJC_MSGSEND = YES;
				GCC_C_LANGUAGE_STANDARD = gnu11;
				GCC_NO_COMMON_BLOCKS = YES;
				GCC_WARN_64_TO_32_BIT_CONVERSION = YES;
				GCC_WARN_ABOUT_RETURN_TYPE = YES_ERROR;
				GCC_WARN_UNDECLARED_SELECTOR = YES;
				GCC_WARN_UNINITIALIZED_AUTOS = YES_AGGRESSIVE;
				GCC_WARN_UNUSED_FUNCTION = YES;
				GCC_WARN_UNUSED_VARIABLE = YES;
				IPHONEOS_DEPLOYMENT_TARGET = 16.0;
				MTL_ENABLE_DEBUG_INFO = NO;
				MTL_FAST_MATH = YES;
				SDKROOT = iphoneos;
				SWIFT_COMPILATION_MODE = wholemodule;
				SWIFT_OPTIMIZATION_LEVEL = "-O";
				VALIDATE_PRODUCT = YES;
			};
			name = Release;
		};
		DBB7EEF728FCC408000A2BCB /* Debug */ = {
			isa = XCBuildConfiguration;
			buildSettings = {
				ASSETCATALOG_COMPILER_APPICON_NAME = AppIcon;
				ASSETCATALOG_COMPILER_GLOBAL_ACCENT_COLOR_NAME = AccentColor;
				CODE_SIGN_STYLE = Automatic;
				CURRENT_PROJECT_VERSION = 1;
				DEVELOPMENT_ASSET_PATHS = "\"Paklan/Preview Content\"";
				DEVELOPMENT_TEAM = 8T8CC2XYY3;
				ENABLE_PREVIEWS = YES;
				GENERATE_INFOPLIST_FILE = YES;
				INFOPLIST_KEY_UIApplicationSceneManifest_Generation = YES;
				INFOPLIST_KEY_UIApplicationSupportsIndirectInputEvents = YES;
				INFOPLIST_KEY_UILaunchScreen_Generation = YES;
				INFOPLIST_KEY_UISupportedInterfaceOrientations_iPad = "UIInterfaceOrientationPortrait UIInterfaceOrientationPortraitUpsideDown UIInterfaceOrientationLandscapeLeft UIInterfaceOrientationLandscapeRight";
				INFOPLIST_KEY_UISupportedInterfaceOrientations_iPhone = "UIInterfaceOrientationPortrait UIInterfaceOrientationLandscapeLeft UIInterfaceOrientationLandscapeRight";
				LD_RUNPATH_SEARCH_PATHS = (
					"$(inherited)",
					"@executable_path/Frameworks",
				);
				MARKETING_VERSION = 1.0;
				PRODUCT_BUNDLE_IDENTIFIER = com.flima.Paklan;
				PRODUCT_NAME = "$(TARGET_NAME)";
				SWIFT_EMIT_LOC_STRINGS = YES;
				SWIFT_VERSION = 5.0;
				TARGETED_DEVICE_FAMILY = "1,2";
			};
			name = Debug;
		};
		DBB7EEF828FCC408000A2BCB /* Release */ = {
			isa = XCBuildConfiguration;
			buildSettings = {
				ASSETCATALOG_COMPILER_APPICON_NAME = AppIcon;
				ASSETCATALOG_COMPILER_GLOBAL_ACCENT_COLOR_NAME = AccentColor;
				CODE_SIGN_STYLE = Automatic;
				CURRENT_PROJECT_VERSION = 1;
				DEVELOPMENT_ASSET_PATHS = "\"Paklan/Preview Content\"";
				DEVELOPMENT_TEAM = 8T8CC2XYY3;
				ENABLE_PREVIEWS = YES;
				GENERATE_INFOPLIST_FILE = YES;
				INFOPLIST_KEY_UIApplicationSceneManifest_Generation = YES;
				INFOPLIST_KEY_UIApplicationSupportsIndirectInputEvents = YES;
				INFOPLIST_KEY_UILaunchScreen_Generation = YES;
				INFOPLIST_KEY_UISupportedInterfaceOrientations_iPad = "UIInterfaceOrientationPortrait UIInterfaceOrientationPortraitUpsideDown UIInterfaceOrientationLandscapeLeft UIInterfaceOrientationLandscapeRight";
				INFOPLIST_KEY_UISupportedInterfaceOrientations_iPhone = "UIInterfaceOrientationPortrait UIInterfaceOrientationLandscapeLeft UIInterfaceOrientationLandscapeRight";
				LD_RUNPATH_SEARCH_PATHS = (
					"$(inherited)",
					"@executable_path/Frameworks",
				);
				MARKETING_VERSION = 1.0;
				PRODUCT_BUNDLE_IDENTIFIER = com.flima.Paklan;
				PRODUCT_NAME = "$(TARGET_NAME)";
				SWIFT_EMIT_LOC_STRINGS = YES;
				SWIFT_VERSION = 5.0;
				TARGETED_DEVICE_FAMILY = "1,2";
			};
			name = Release;
		};
		DBB7EEFA28FCC408000A2BCB /* Debug */ = {
			isa = XCBuildConfiguration;
			buildSettings = {
				ALWAYS_EMBED_SWIFT_STANDARD_LIBRARIES = YES;
				BUNDLE_LOADER = "$(TEST_HOST)";
				CODE_SIGN_STYLE = Automatic;
				CURRENT_PROJECT_VERSION = 1;
				DEVELOPMENT_TEAM = 8T8CC2XYY3;
				GENERATE_INFOPLIST_FILE = YES;
				IPHONEOS_DEPLOYMENT_TARGET = 16.0;
				MARKETING_VERSION = 1.0;
				PRODUCT_BUNDLE_IDENTIFIER = com.flima.PaklanTests;
				PRODUCT_NAME = "$(TARGET_NAME)";
				SWIFT_EMIT_LOC_STRINGS = NO;
				SWIFT_VERSION = 5.0;
				TARGETED_DEVICE_FAMILY = "1,2";
				TEST_HOST = "$(BUILT_PRODUCTS_DIR)/Paklan.app/$(BUNDLE_EXECUTABLE_FOLDER_PATH)/Paklan";
			};
			name = Debug;
		};
		DBB7EEFB28FCC408000A2BCB /* Release */ = {
			isa = XCBuildConfiguration;
			buildSettings = {
				ALWAYS_EMBED_SWIFT_STANDARD_LIBRARIES = YES;
				BUNDLE_LOADER = "$(TEST_HOST)";
				CODE_SIGN_STYLE = Automatic;
				CURRENT_PROJECT_VERSION = 1;
				DEVELOPMENT_TEAM = 8T8CC2XYY3;
				GENERATE_INFOPLIST_FILE = YES;
				IPHONEOS_DEPLOYMENT_TARGET = 16.0;
				MARKETING_VERSION = 1.0;
				PRODUCT_BUNDLE_IDENTIFIER = com.flima.PaklanTests;
				PRODUCT_NAME = "$(TARGET_NAME)";
				SWIFT_EMIT_LOC_STRINGS = NO;
				SWIFT_VERSION = 5.0;
				TARGETED_DEVICE_FAMILY = "1,2";
				TEST_HOST = "$(BUILT_PRODUCTS_DIR)/Paklan.app/$(BUNDLE_EXECUTABLE_FOLDER_PATH)/Paklan";
			};
			name = Release;
		};
		DBB7EEFD28FCC408000A2BCB /* Debug */ = {
			isa = XCBuildConfiguration;
			buildSettings = {
				ALWAYS_EMBED_SWIFT_STANDARD_LIBRARIES = YES;
				CODE_SIGN_STYLE = Automatic;
				CURRENT_PROJECT_VERSION = 1;
				DEVELOPMENT_TEAM = 8T8CC2XYY3;
				GENERATE_INFOPLIST_FILE = YES;
				MARKETING_VERSION = 1.0;
				PRODUCT_BUNDLE_IDENTIFIER = com.flima.PaklanUITests;
				PRODUCT_NAME = "$(TARGET_NAME)";
				SWIFT_EMIT_LOC_STRINGS = NO;
				SWIFT_VERSION = 5.0;
				TARGETED_DEVICE_FAMILY = "1,2";
				TEST_TARGET_NAME = Paklan;
			};
			name = Debug;
		};
		DBB7EEFE28FCC408000A2BCB /* Release */ = {
			isa = XCBuildConfiguration;
			buildSettings = {
				ALWAYS_EMBED_SWIFT_STANDARD_LIBRARIES = YES;
				CODE_SIGN_STYLE = Automatic;
				CURRENT_PROJECT_VERSION = 1;
				DEVELOPMENT_TEAM = 8T8CC2XYY3;
				GENERATE_INFOPLIST_FILE = YES;
				MARKETING_VERSION = 1.0;
				PRODUCT_BUNDLE_IDENTIFIER = com.flima.PaklanUITests;
				PRODUCT_NAME = "$(TARGET_NAME)";
				SWIFT_EMIT_LOC_STRINGS = NO;
				SWIFT_VERSION = 5.0;
				TARGETED_DEVICE_FAMILY = "1,2";
				TEST_TARGET_NAME = Paklan;
			};
			name = Release;
		};
/* End XCBuildConfiguration section */

/* Begin XCConfigurationList section */
		DBB7EECD28FCC405000A2BCB /* Build configuration list for PBXProject "Paklan" */ = {
			isa = XCConfigurationList;
			buildConfigurations = (
				DBB7EEF428FCC408000A2BCB /* Debug */,
				DBB7EEF528FCC408000A2BCB /* Release */,
			);
			defaultConfigurationIsVisible = 0;
			defaultConfigurationName = Release;
		};
		DBB7EEF628FCC408000A2BCB /* Build configuration list for PBXNativeTarget "Paklan" */ = {
			isa = XCConfigurationList;
			buildConfigurations = (
				DBB7EEF728FCC408000A2BCB /* Debug */,
				DBB7EEF828FCC408000A2BCB /* Release */,
			);
			defaultConfigurationIsVisible = 0;
			defaultConfigurationName = Release;
		};
		DBB7EEF928FCC408000A2BCB /* Build configuration list for PBXNativeTarget "PaklanTests" */ = {
			isa = XCConfigurationList;
			buildConfigurations = (
				DBB7EEFA28FCC408000A2BCB /* Debug */,
				DBB7EEFB28FCC408000A2BCB /* Release */,
			);
			defaultConfigurationIsVisible = 0;
			defaultConfigurationName = Release;
		};
		DBB7EEFC28FCC408000A2BCB /* Build configuration list for PBXNativeTarget "PaklanUITests" */ = {
			isa = XCConfigurationList;
			buildConfigurations = (
				DBB7EEFD28FCC408000A2BCB /* Debug */,
				DBB7EEFE28FCC408000A2BCB /* Release */,
			);
			defaultConfigurationIsVisible = 0;
			defaultConfigurationName = Release;
		};
/* End XCConfigurationList section */

/* Begin XCRemoteSwiftPackageReference section */
		DBB7EEFF28FCC7A8000A2BCB /* XCRemoteSwiftPackageReference "firebase-ios-sdk" */ = {
			isa = XCRemoteSwiftPackageReference;
			repositoryURL = "https://github.com/firebase/firebase-ios-sdk";
			requirement = {
				branch = master;
				kind = branch;
			};
		};
/* End XCRemoteSwiftPackageReference section */

/* Begin XCSwiftPackageProductDependency section */
		DBB7EF0028FCC7A9000A2BCB /* FirebaseAnalytics */ = {
			isa = XCSwiftPackageProductDependency;
			package = DBB7EEFF28FCC7A8000A2BCB /* XCRemoteSwiftPackageReference "firebase-ios-sdk" */;
			productName = FirebaseAnalytics;
		};
		DBB7EF0228FCC7A9000A2BCB /* FirebaseAnalyticsSwift */ = {
			isa = XCSwiftPackageProductDependency;
			package = DBB7EEFF28FCC7A8000A2BCB /* XCRemoteSwiftPackageReference "firebase-ios-sdk" */;
			productName = FirebaseAnalyticsSwift;
		};
		DBB7EF0428FCC7A9000A2BCB /* FirebaseAuth */ = {
			isa = XCSwiftPackageProductDependency;
			package = DBB7EEFF28FCC7A8000A2BCB /* XCRemoteSwiftPackageReference "firebase-ios-sdk" */;
			productName = FirebaseAuth;
		};
		DBB7EF0628FCC7A9000A2BCB /* FirebaseDatabase */ = {
			isa = XCSwiftPackageProductDependency;
			package = DBB7EEFF28FCC7A8000A2BCB /* XCRemoteSwiftPackageReference "firebase-ios-sdk" */;
			productName = FirebaseDatabase;
		};
		DBB7EF0828FCC7A9000A2BCB /* FirebaseDatabaseSwift */ = {
			isa = XCSwiftPackageProductDependency;
			package = DBB7EEFF28FCC7A8000A2BCB /* XCRemoteSwiftPackageReference "firebase-ios-sdk" */;
			productName = FirebaseDatabaseSwift;
		};
		DBB7EF0A28FCC7A9000A2BCB /* FirebaseFirestore */ = {
			isa = XCSwiftPackageProductDependency;
			package = DBB7EEFF28FCC7A8000A2BCB /* XCRemoteSwiftPackageReference "firebase-ios-sdk" */;
			productName = FirebaseFirestore;
		};
/* End XCSwiftPackageProductDependency section */
	};
	rootObject = DBB7EECA28FCC405000A2BCB /* Project object */;
}
