// !$*UTF8*$!
{
	archiveVersion = 1;
	classes = {
	};
	objectVersion = 56;
	objects = {

/* Begin PBXBuildFile section */
		DB08D6CF2918156C0017EB67 /* PaklanApp.swift in Sources */ = {isa = PBXBuildFile; fileRef = DB08D6CE2918156C0017EB67 /* PaklanApp.swift */; };
		DB08D6D12918156C0017EB67 /* Authentication.swift in Sources */ = {isa = PBXBuildFile; fileRef = DB08D6D02918156C0017EB67 /* Authentication.swift */; };
		DB08D6D3291815730017EB67 /* Assets.xcassets in Resources */ = {isa = PBXBuildFile; fileRef = DB08D6D2291815730017EB67 /* Assets.xcassets */; };
		DB08D6D6291815730017EB67 /* Preview Assets.xcassets in Resources */ = {isa = PBXBuildFile; fileRef = DB08D6D5291815730017EB67 /* Preview Assets.xcassets */; };
		DB08D6E0291815740017EB67 /* PaklanTests.swift in Sources */ = {isa = PBXBuildFile; fileRef = DB08D6DF291815740017EB67 /* PaklanTests.swift */; };
		DB08D6EA291815740017EB67 /* PaklanUITests.swift in Sources */ = {isa = PBXBuildFile; fileRef = DB08D6E9291815740017EB67 /* PaklanUITests.swift */; };
		DB08D6EC291815740017EB67 /* PaklanUITestsLaunchTests.swift in Sources */ = {isa = PBXBuildFile; fileRef = DB08D6EB291815740017EB67 /* PaklanUITestsLaunchTests.swift */; };
		DB08D6F929181AB40017EB67 /* GoogleService-Info.plist in Resources */ = {isa = PBXBuildFile; fileRef = DB08D6F829181AB30017EB67 /* GoogleService-Info.plist */; };
		DB08D6FA29181AB40017EB67 /* GoogleService-Info.plist in Resources */ = {isa = PBXBuildFile; fileRef = DB08D6F829181AB30017EB67 /* GoogleService-Info.plist */; };
		DB08D6FB29181AB40017EB67 /* GoogleService-Info.plist in Resources */ = {isa = PBXBuildFile; fileRef = DB08D6F829181AB30017EB67 /* GoogleService-Info.plist */; };
		DB08D6FE29181BA90017EB67 /* FirebaseAnalytics in Frameworks */ = {isa = PBXBuildFile; productRef = DB08D6FD29181BA90017EB67 /* FirebaseAnalytics */; };
		DB08D70029181BA90017EB67 /* FirebaseAnalyticsSwift in Frameworks */ = {isa = PBXBuildFile; productRef = DB08D6FF29181BA90017EB67 /* FirebaseAnalyticsSwift */; };
		DB08D70229181BA90017EB67 /* FirebaseAuth in Frameworks */ = {isa = PBXBuildFile; productRef = DB08D70129181BA90017EB67 /* FirebaseAuth */; };
		DB08D70429181BA90017EB67 /* FirebaseAuthCombine-Community in Frameworks */ = {isa = PBXBuildFile; productRef = DB08D70329181BA90017EB67 /* FirebaseAuthCombine-Community */; };
		DB08D70629181BA90017EB67 /* FirebaseDatabase in Frameworks */ = {isa = PBXBuildFile; productRef = DB08D70529181BA90017EB67 /* FirebaseDatabase */; };
		DB08D70829181BA90017EB67 /* FirebaseDatabaseSwift in Frameworks */ = {isa = PBXBuildFile; productRef = DB08D70729181BA90017EB67 /* FirebaseDatabaseSwift */; };
		DB08D70A29181BA90017EB67 /* FirebaseFirestore in Frameworks */ = {isa = PBXBuildFile; productRef = DB08D70929181BA90017EB67 /* FirebaseFirestore */; };
		DB08D70C29181BAA0017EB67 /* FirebaseFirestoreSwift in Frameworks */ = {isa = PBXBuildFile; productRef = DB08D70B29181BAA0017EB67 /* FirebaseFirestoreSwift */; };
		DB08D70E29181BAA0017EB67 /* FirebaseStorage in Frameworks */ = {isa = PBXBuildFile; productRef = DB08D70D29181BAA0017EB67 /* FirebaseStorage */; };
		DB6A08832918517E00BC4636 /* IndexView.swift in Sources */ = {isa = PBXBuildFile; fileRef = DB6A08822918517E00BC4636 /* IndexView.swift */; };
		DB6A08842918517E00BC4636 /* IndexView.swift in Sources */ = {isa = PBXBuildFile; fileRef = DB6A08822918517E00BC4636 /* IndexView.swift */; };
		DB6A08852918517E00BC4636 /* IndexView.swift in Sources */ = {isa = PBXBuildFile; fileRef = DB6A08822918517E00BC4636 /* IndexView.swift */; };
		DB6A08882918666500BC4636 /* HomeView.swift in Sources */ = {isa = PBXBuildFile; fileRef = DB6A08872918666500BC4636 /* HomeView.swift */; };
		DB6A08892918666500BC4636 /* HomeView.swift in Sources */ = {isa = PBXBuildFile; fileRef = DB6A08872918666500BC4636 /* HomeView.swift */; };
		DB6A088A2918666500BC4636 /* HomeView.swift in Sources */ = {isa = PBXBuildFile; fileRef = DB6A08872918666500BC4636 /* HomeView.swift */; };
/* End PBXBuildFile section */

/* Begin PBXContainerItemProxy section */
		DB08D6DC291815740017EB67 /* PBXContainerItemProxy */ = {
			isa = PBXContainerItemProxy;
			containerPortal = DB08D6C32918156C0017EB67 /* Project object */;
			proxyType = 1;
			remoteGlobalIDString = DB08D6CA2918156C0017EB67;
			remoteInfo = Paklan;
		};
		DB08D6E6291815740017EB67 /* PBXContainerItemProxy */ = {
			isa = PBXContainerItemProxy;
			containerPortal = DB08D6C32918156C0017EB67 /* Project object */;
			proxyType = 1;
			remoteGlobalIDString = DB08D6CA2918156C0017EB67;
			remoteInfo = Paklan;
		};
/* End PBXContainerItemProxy section */

/* Begin PBXFileReference section */
		DB08D6CB2918156C0017EB67 /* Paklan.app */ = {isa = PBXFileReference; explicitFileType = wrapper.application; includeInIndex = 0; path = Paklan.app; sourceTree = BUILT_PRODUCTS_DIR; };
		DB08D6CE2918156C0017EB67 /* PaklanApp.swift */ = {isa = PBXFileReference; lastKnownFileType = sourcecode.swift; path = PaklanApp.swift; sourceTree = "<group>"; };
		DB08D6D02918156C0017EB67 /* Authentication.swift */ = {isa = PBXFileReference; lastKnownFileType = sourcecode.swift; path = Authentication.swift; sourceTree = "<group>"; };
		DB08D6D2291815730017EB67 /* Assets.xcassets */ = {isa = PBXFileReference; lastKnownFileType = folder.assetcatalog; path = Assets.xcassets; sourceTree = "<group>"; };
		DB08D6D5291815730017EB67 /* Preview Assets.xcassets */ = {isa = PBXFileReference; lastKnownFileType = folder.assetcatalog; path = "Preview Assets.xcassets"; sourceTree = "<group>"; };
		DB08D6DB291815740017EB67 /* PaklanTests.xctest */ = {isa = PBXFileReference; explicitFileType = wrapper.cfbundle; includeInIndex = 0; path = PaklanTests.xctest; sourceTree = BUILT_PRODUCTS_DIR; };
		DB08D6DF291815740017EB67 /* PaklanTests.swift */ = {isa = PBXFileReference; lastKnownFileType = sourcecode.swift; path = PaklanTests.swift; sourceTree = "<group>"; };
		DB08D6E5291815740017EB67 /* PaklanUITests.xctest */ = {isa = PBXFileReference; explicitFileType = wrapper.cfbundle; includeInIndex = 0; path = PaklanUITests.xctest; sourceTree = BUILT_PRODUCTS_DIR; };
		DB08D6E9291815740017EB67 /* PaklanUITests.swift */ = {isa = PBXFileReference; lastKnownFileType = sourcecode.swift; path = PaklanUITests.swift; sourceTree = "<group>"; };
		DB08D6EB291815740017EB67 /* PaklanUITestsLaunchTests.swift */ = {isa = PBXFileReference; lastKnownFileType = sourcecode.swift; path = PaklanUITestsLaunchTests.swift; sourceTree = "<group>"; };
		DB08D6F829181AB30017EB67 /* GoogleService-Info.plist */ = {isa = PBXFileReference; fileEncoding = 4; lastKnownFileType = text.plist.xml; path = "GoogleService-Info.plist"; sourceTree = "<group>"; };
		DB6A08822918517E00BC4636 /* IndexView.swift */ = {isa = PBXFileReference; lastKnownFileType = sourcecode.swift; path = IndexView.swift; sourceTree = "<group>"; };
		DB6A08872918666500BC4636 /* HomeView.swift */ = {isa = PBXFileReference; lastKnownFileType = sourcecode.swift; path = HomeView.swift; sourceTree = "<group>"; };
/* End PBXFileReference section */

/* Begin PBXFrameworksBuildPhase section */
		DB08D6C82918156C0017EB67 /* Frameworks */ = {
			isa = PBXFrameworksBuildPhase;
			buildActionMask = 2147483647;
			files = (
				DB08D70829181BA90017EB67 /* FirebaseDatabaseSwift in Frameworks */,
				DB08D70629181BA90017EB67 /* FirebaseDatabase in Frameworks */,
				DB08D70E29181BAA0017EB67 /* FirebaseStorage in Frameworks */,
				DB08D70029181BA90017EB67 /* FirebaseAnalyticsSwift in Frameworks */,
				DB08D70229181BA90017EB67 /* FirebaseAuth in Frameworks */,
				DB08D6FE29181BA90017EB67 /* FirebaseAnalytics in Frameworks */,
				DB08D70429181BA90017EB67 /* FirebaseAuthCombine-Community in Frameworks */,
				DB08D70A29181BA90017EB67 /* FirebaseFirestore in Frameworks */,
				DB08D70C29181BAA0017EB67 /* FirebaseFirestoreSwift in Frameworks */,
			);
			runOnlyForDeploymentPostprocessing = 0;
		};
		DB08D6D8291815740017EB67 /* Frameworks */ = {
			isa = PBXFrameworksBuildPhase;
			buildActionMask = 2147483647;
			files = (
			);
			runOnlyForDeploymentPostprocessing = 0;
		};
		DB08D6E2291815740017EB67 /* Frameworks */ = {
			isa = PBXFrameworksBuildPhase;
			buildActionMask = 2147483647;
			files = (
			);
			runOnlyForDeploymentPostprocessing = 0;
		};
/* End PBXFrameworksBuildPhase section */

/* Begin PBXGroup section */
		DB08D6C22918156C0017EB67 = {
			isa = PBXGroup;
			children = (
				DB08D6CD2918156C0017EB67 /* Paklan */,
				DB08D6DE291815740017EB67 /* PaklanTests */,
				DB08D6E8291815740017EB67 /* PaklanUITests */,
				DB08D6CC2918156C0017EB67 /* Products */,
			);
			sourceTree = "<group>";
		};
		DB08D6CC2918156C0017EB67 /* Products */ = {
			isa = PBXGroup;
			children = (
				DB08D6CB2918156C0017EB67 /* Paklan.app */,
				DB08D6DB291815740017EB67 /* PaklanTests.xctest */,
				DB08D6E5291815740017EB67 /* PaklanUITests.xctest */,
			);
			name = Products;
			sourceTree = "<group>";
		};
		DB08D6CD2918156C0017EB67 /* Paklan */ = {
			isa = PBXGroup;
			children = (
				DB6A08862918661D00BC4636 /* Screens */,
				DB08D6CE2918156C0017EB67 /* PaklanApp.swift */,
				DB08D6D02918156C0017EB67 /* Authentication.swift */,
				DB6A08822918517E00BC4636 /* IndexView.swift */,
				DB08D6F829181AB30017EB67 /* GoogleService-Info.plist */,
				DB08D6D2291815730017EB67 /* Assets.xcassets */,
				DB08D6D4291815730017EB67 /* Preview Content */,
			);
			path = Paklan;
			sourceTree = "<group>";
		};
		DB08D6D4291815730017EB67 /* Preview Content */ = {
			isa = PBXGroup;
			children = (
				DB08D6D5291815730017EB67 /* Preview Assets.xcassets */,
			);
			path = "Preview Content";
			sourceTree = "<group>";
		};
		DB08D6DE291815740017EB67 /* PaklanTests */ = {
			isa = PBXGroup;
			children = (
				DB08D6DF291815740017EB67 /* PaklanTests.swift */,
			);
			path = PaklanTests;
			sourceTree = "<group>";
		};
		DB08D6E8291815740017EB67 /* PaklanUITests */ = {
			isa = PBXGroup;
			children = (
				DB08D6E9291815740017EB67 /* PaklanUITests.swift */,
				DB08D6EB291815740017EB67 /* PaklanUITestsLaunchTests.swift */,
			);
			path = PaklanUITests;
			sourceTree = "<group>";
		};
		DB6A08862918661D00BC4636 /* Screens */ = {
			isa = PBXGroup;
			children = (
				DB6A08872918666500BC4636 /* HomeView.swift */,
			);
			path = Screens;
			sourceTree = "<group>";
		};
/* End PBXGroup section */

/* Begin PBXNativeTarget section */
		DB08D6CA2918156C0017EB67 /* Paklan */ = {
			isa = PBXNativeTarget;
			buildConfigurationList = DB08D6EF291815740017EB67 /* Build configuration list for PBXNativeTarget "Paklan" */;
			buildPhases = (
				DB08D6C72918156C0017EB67 /* Sources */,
				DB08D6C82918156C0017EB67 /* Frameworks */,
				DB08D6C92918156C0017EB67 /* Resources */,
			);
			buildRules = (
			);
			dependencies = (
			);
			name = Paklan;
			packageProductDependencies = (
				DB08D6FD29181BA90017EB67 /* FirebaseAnalytics */,
				DB08D6FF29181BA90017EB67 /* FirebaseAnalyticsSwift */,
				DB08D70129181BA90017EB67 /* FirebaseAuth */,
				DB08D70329181BA90017EB67 /* FirebaseAuthCombine-Community */,
				DB08D70529181BA90017EB67 /* FirebaseDatabase */,
				DB08D70729181BA90017EB67 /* FirebaseDatabaseSwift */,
				DB08D70929181BA90017EB67 /* FirebaseFirestore */,
				DB08D70B29181BAA0017EB67 /* FirebaseFirestoreSwift */,
				DB08D70D29181BAA0017EB67 /* FirebaseStorage */,
			);
			productName = Paklan;
			productReference = DB08D6CB2918156C0017EB67 /* Paklan.app */;
			productType = "com.apple.product-type.application";
		};
		DB08D6DA291815740017EB67 /* PaklanTests */ = {
			isa = PBXNativeTarget;
			buildConfigurationList = DB08D6F2291815740017EB67 /* Build configuration list for PBXNativeTarget "PaklanTests" */;
			buildPhases = (
				DB08D6D7291815740017EB67 /* Sources */,
				DB08D6D8291815740017EB67 /* Frameworks */,
				DB08D6D9291815740017EB67 /* Resources */,
			);
			buildRules = (
			);
			dependencies = (
				DB08D6DD291815740017EB67 /* PBXTargetDependency */,
			);
			name = PaklanTests;
			productName = PaklanTests;
			productReference = DB08D6DB291815740017EB67 /* PaklanTests.xctest */;
			productType = "com.apple.product-type.bundle.unit-test";
		};
		DB08D6E4291815740017EB67 /* PaklanUITests */ = {
			isa = PBXNativeTarget;
			buildConfigurationList = DB08D6F5291815740017EB67 /* Build configuration list for PBXNativeTarget "PaklanUITests" */;
			buildPhases = (
				DB08D6E1291815740017EB67 /* Sources */,
				DB08D6E2291815740017EB67 /* Frameworks */,
				DB08D6E3291815740017EB67 /* Resources */,
			);
			buildRules = (
			);
			dependencies = (
				DB08D6E7291815740017EB67 /* PBXTargetDependency */,
			);
			name = PaklanUITests;
			productName = PaklanUITests;
			productReference = DB08D6E5291815740017EB67 /* PaklanUITests.xctest */;
			productType = "com.apple.product-type.bundle.ui-testing";
		};
/* End PBXNativeTarget section */

/* Begin PBXProject section */
		DB08D6C32918156C0017EB67 /* Project object */ = {
			isa = PBXProject;
			attributes = {
				BuildIndependentTargetsInParallel = 1;
				LastSwiftUpdateCheck = 1410;
				LastUpgradeCheck = 1410;
				TargetAttributes = {
					DB08D6CA2918156C0017EB67 = {
						CreatedOnToolsVersion = 14.1;
					};
					DB08D6DA291815740017EB67 = {
						CreatedOnToolsVersion = 14.1;
						TestTargetID = DB08D6CA2918156C0017EB67;
					};
					DB08D6E4291815740017EB67 = {
						CreatedOnToolsVersion = 14.1;
						TestTargetID = DB08D6CA2918156C0017EB67;
					};
				};
			};
			buildConfigurationList = DB08D6C62918156C0017EB67 /* Build configuration list for PBXProject "Paklan" */;
			compatibilityVersion = "Xcode 14.0";
			developmentRegion = en;
			hasScannedForEncodings = 0;
			knownRegions = (
				en,
				Base,
			);
			mainGroup = DB08D6C22918156C0017EB67;
			packageReferences = (
				DB08D6FC29181BA90017EB67 /* XCRemoteSwiftPackageReference "firebase-ios-sdk" */,
			);
			productRefGroup = DB08D6CC2918156C0017EB67 /* Products */;
			projectDirPath = "";
			projectRoot = "";
			targets = (
				DB08D6CA2918156C0017EB67 /* Paklan */,
				DB08D6DA291815740017EB67 /* PaklanTests */,
				DB08D6E4291815740017EB67 /* PaklanUITests */,
			);
		};
/* End PBXProject section */

/* Begin PBXResourcesBuildPhase section */
		DB08D6C92918156C0017EB67 /* Resources */ = {
			isa = PBXResourcesBuildPhase;
			buildActionMask = 2147483647;
			files = (
				DB08D6D6291815730017EB67 /* Preview Assets.xcassets in Resources */,
				DB08D6D3291815730017EB67 /* Assets.xcassets in Resources */,
				DB08D6F929181AB40017EB67 /* GoogleService-Info.plist in Resources */,
			);
			runOnlyForDeploymentPostprocessing = 0;
		};
		DB08D6D9291815740017EB67 /* Resources */ = {
			isa = PBXResourcesBuildPhase;
			buildActionMask = 2147483647;
			files = (
				DB08D6FA29181AB40017EB67 /* GoogleService-Info.plist in Resources */,
			);
			runOnlyForDeploymentPostprocessing = 0;
		};
		DB08D6E3291815740017EB67 /* Resources */ = {
			isa = PBXResourcesBuildPhase;
			buildActionMask = 2147483647;
			files = (
				DB08D6FB29181AB40017EB67 /* GoogleService-Info.plist in Resources */,
			);
			runOnlyForDeploymentPostprocessing = 0;
		};
/* End PBXResourcesBuildPhase section */

/* Begin PBXSourcesBuildPhase section */
		DB08D6C72918156C0017EB67 /* Sources */ = {
			isa = PBXSourcesBuildPhase;
			buildActionMask = 2147483647;
			files = (
				DB08D6D12918156C0017EB67 /* Authentication.swift in Sources */,
				DB6A08882918666500BC4636 /* HomeView.swift in Sources */,
				DB6A08832918517E00BC4636 /* IndexView.swift in Sources */,
				DB08D6CF2918156C0017EB67 /* PaklanApp.swift in Sources */,
			);
			runOnlyForDeploymentPostprocessing = 0;
		};
		DB08D6D7291815740017EB67 /* Sources */ = {
			isa = PBXSourcesBuildPhase;
			buildActionMask = 2147483647;
			files = (
				DB6A08892918666500BC4636 /* HomeView.swift in Sources */,
				DB6A08842918517E00BC4636 /* IndexView.swift in Sources */,
				DB08D6E0291815740017EB67 /* PaklanTests.swift in Sources */,
			);
			runOnlyForDeploymentPostprocessing = 0;
		};
		DB08D6E1291815740017EB67 /* Sources */ = {
			isa = PBXSourcesBuildPhase;
			buildActionMask = 2147483647;
			files = (
				DB08D6EA291815740017EB67 /* PaklanUITests.swift in Sources */,
				DB6A088A2918666500BC4636 /* HomeView.swift in Sources */,
				DB6A08852918517E00BC4636 /* IndexView.swift in Sources */,
				DB08D6EC291815740017EB67 /* PaklanUITestsLaunchTests.swift in Sources */,
			);
			runOnlyForDeploymentPostprocessing = 0;
		};
/* End PBXSourcesBuildPhase section */

/* Begin PBXTargetDependency section */
		DB08D6DD291815740017EB67 /* PBXTargetDependency */ = {
			isa = PBXTargetDependency;
			target = DB08D6CA2918156C0017EB67 /* Paklan */;
			targetProxy = DB08D6DC291815740017EB67 /* PBXContainerItemProxy */;
		};
		DB08D6E7291815740017EB67 /* PBXTargetDependency */ = {
			isa = PBXTargetDependency;
			target = DB08D6CA2918156C0017EB67 /* Paklan */;
			targetProxy = DB08D6E6291815740017EB67 /* PBXContainerItemProxy */;
		};
/* End PBXTargetDependency section */

/* Begin XCBuildConfiguration section */
		DB08D6ED291815740017EB67 /* Debug */ = {
			isa = XCBuildConfiguration;
			buildSettings = {
				ALWAYS_SEARCH_USER_PATHS = NO;
				CLANG_ANALYZER_NONNULL = YES;
				CLANG_ANALYZER_NUMBER_OBJECT_CONVERSION = YES_AGGRESSIVE;
				CLANG_CXX_LANGUAGE_STANDARD = "gnu++20";
				CLANG_ENABLE_MODULES = YES;
				CLANG_ENABLE_OBJC_ARC = YES;
				CLANG_ENABLE_OBJC_WEAK = YES;
				CLANG_WARN_BLOCK_CAPTURE_AUTORELEASING = YES;
				CLANG_WARN_BOOL_CONVERSION = YES;
				CLANG_WARN_COMMA = YES;
				CLANG_WARN_CONSTANT_CONVERSION = YES;
				CLANG_WARN_DEPRECATED_OBJC_IMPLEMENTATIONS = YES;
				CLANG_WARN_DIRECT_OBJC_ISA_USAGE = YES_ERROR;
				CLANG_WARN_DOCUMENTATION_COMMENTS = YES;
				CLANG_WARN_EMPTY_BODY = YES;
				CLANG_WARN_ENUM_CONVERSION = YES;
				CLANG_WARN_INFINITE_RECURSION = YES;
				CLANG_WARN_INT_CONVERSION = YES;
				CLANG_WARN_NON_LITERAL_NULL_CONVERSION = YES;
				CLANG_WARN_OBJC_IMPLICIT_RETAIN_SELF = YES;
				CLANG_WARN_OBJC_LITERAL_CONVERSION = YES;
				CLANG_WARN_OBJC_ROOT_CLASS = YES_ERROR;
				CLANG_WARN_QUOTED_INCLUDE_IN_FRAMEWORK_HEADER = YES;
				CLANG_WARN_RANGE_LOOP_ANALYSIS = YES;
				CLANG_WARN_STRICT_PROTOTYPES = YES;
				CLANG_WARN_SUSPICIOUS_MOVE = YES;
				CLANG_WARN_UNGUARDED_AVAILABILITY = YES_AGGRESSIVE;
				CLANG_WARN_UNREACHABLE_CODE = YES;
				CLANG_WARN__DUPLICATE_METHOD_MATCH = YES;
				COPY_PHASE_STRIP = NO;
				DEBUG_INFORMATION_FORMAT = dwarf;
				ENABLE_STRICT_OBJC_MSGSEND = YES;
				ENABLE_TESTABILITY = YES;
				GCC_C_LANGUAGE_STANDARD = gnu11;
				GCC_DYNAMIC_NO_PIC = NO;
				GCC_NO_COMMON_BLOCKS = YES;
				GCC_OPTIMIZATION_LEVEL = 0;
				GCC_PREPROCESSOR_DEFINITIONS = (
					"DEBUG=1",
					"$(inherited)",
				);
				GCC_WARN_64_TO_32_BIT_CONVERSION = YES;
				GCC_WARN_ABOUT_RETURN_TYPE = YES_ERROR;
				GCC_WARN_UNDECLARED_SELECTOR = YES;
				GCC_WARN_UNINITIALIZED_AUTOS = YES_AGGRESSIVE;
				GCC_WARN_UNUSED_FUNCTION = YES;
				GCC_WARN_UNUSED_VARIABLE = YES;
				IPHONEOS_DEPLOYMENT_TARGET = 16.1;
				MTL_ENABLE_DEBUG_INFO = INCLUDE_SOURCE;
				MTL_FAST_MATH = YES;
				ONLY_ACTIVE_ARCH = YES;
				SDKROOT = iphoneos;
				SWIFT_ACTIVE_COMPILATION_CONDITIONS = DEBUG;
				SWIFT_OPTIMIZATION_LEVEL = "-Onone";
			};
			name = Debug;
		};
		DB08D6EE291815740017EB67 /* Release */ = {
			isa = XCBuildConfiguration;
			buildSettings = {
				ALWAYS_SEARCH_USER_PATHS = NO;
				CLANG_ANALYZER_NONNULL = YES;
				CLANG_ANALYZER_NUMBER_OBJECT_CONVERSION = YES_AGGRESSIVE;
				CLANG_CXX_LANGUAGE_STANDARD = "gnu++20";
				CLANG_ENABLE_MODULES = YES;
				CLANG_ENABLE_OBJC_ARC = YES;
				CLANG_ENABLE_OBJC_WEAK = YES;
				CLANG_WARN_BLOCK_CAPTURE_AUTORELEASING = YES;
				CLANG_WARN_BOOL_CONVERSION = YES;
				CLANG_WARN_COMMA = YES;
				CLANG_WARN_CONSTANT_CONVERSION = YES;
				CLANG_WARN_DEPRECATED_OBJC_IMPLEMENTATIONS = YES;
				CLANG_WARN_DIRECT_OBJC_ISA_USAGE = YES_ERROR;
				CLANG_WARN_DOCUMENTATION_COMMENTS = YES;
				CLANG_WARN_EMPTY_BODY = YES;
				CLANG_WARN_ENUM_CONVERSION = YES;
				CLANG_WARN_INFINITE_RECURSION = YES;
				CLANG_WARN_INT_CONVERSION = YES;
				CLANG_WARN_NON_LITERAL_NULL_CONVERSION = YES;
				CLANG_WARN_OBJC_IMPLICIT_RETAIN_SELF = YES;
				CLANG_WARN_OBJC_LITERAL_CONVERSION = YES;
				CLANG_WARN_OBJC_ROOT_CLASS = YES_ERROR;
				CLANG_WARN_QUOTED_INCLUDE_IN_FRAMEWORK_HEADER = YES;
				CLANG_WARN_RANGE_LOOP_ANALYSIS = YES;
				CLANG_WARN_STRICT_PROTOTYPES = YES;
				CLANG_WARN_SUSPICIOUS_MOVE = YES;
				CLANG_WARN_UNGUARDED_AVAILABILITY = YES_AGGRESSIVE;
				CLANG_WARN_UNREACHABLE_CODE = YES;
				CLANG_WARN__DUPLICATE_METHOD_MATCH = YES;
				COPY_PHASE_STRIP = NO;
				DEBUG_INFORMATION_FORMAT = "dwarf-with-dsym";
				ENABLE_NS_ASSERTIONS = NO;
				ENABLE_STRICT_OBJC_MSGSEND = YES;
				GCC_C_LANGUAGE_STANDARD = gnu11;
				GCC_NO_COMMON_BLOCKS = YES;
				GCC_WARN_64_TO_32_BIT_CONVERSION = YES;
				GCC_WARN_ABOUT_RETURN_TYPE = YES_ERROR;
				GCC_WARN_UNDECLARED_SELECTOR = YES;
				GCC_WARN_UNINITIALIZED_AUTOS = YES_AGGRESSIVE;
				GCC_WARN_UNUSED_FUNCTION = YES;
				GCC_WARN_UNUSED_VARIABLE = YES;
				IPHONEOS_DEPLOYMENT_TARGET = 16.1;
				MTL_ENABLE_DEBUG_INFO = NO;
				MTL_FAST_MATH = YES;
				SDKROOT = iphoneos;
				SWIFT_COMPILATION_MODE = wholemodule;
				SWIFT_OPTIMIZATION_LEVEL = "-O";
				VALIDATE_PRODUCT = YES;
			};
			name = Release;
		};
		DB08D6F0291815740017EB67 /* Debug */ = {
			isa = XCBuildConfiguration;
			buildSettings = {
				ASSETCATALOG_COMPILER_APPICON_NAME = AppIcon;
				ASSETCATALOG_COMPILER_GLOBAL_ACCENT_COLOR_NAME = AccentColor;
				CODE_SIGN_STYLE = Automatic;
				CURRENT_PROJECT_VERSION = 1;
				DEVELOPMENT_ASSET_PATHS = "\"Paklan/Preview Content\"";
				DEVELOPMENT_TEAM = 8T8CC2XYY3;
				ENABLE_PREVIEWS = YES;
				GENERATE_INFOPLIST_FILE = YES;
				INFOPLIST_KEY_UIApplicationSceneManifest_Generation = YES;
				INFOPLIST_KEY_UIApplicationSupportsIndirectInputEvents = YES;
				INFOPLIST_KEY_UILaunchScreen_Generation = YES;
				INFOPLIST_KEY_UISupportedInterfaceOrientations_iPad = "UIInterfaceOrientationPortrait UIInterfaceOrientationPortraitUpsideDown UIInterfaceOrientationLandscapeLeft UIInterfaceOrientationLandscapeRight";
				INFOPLIST_KEY_UISupportedInterfaceOrientations_iPhone = "UIInterfaceOrientationPortrait UIInterfaceOrientationLandscapeLeft UIInterfaceOrientationLandscapeRight";
				IPHONEOS_DEPLOYMENT_TARGET = 16.0;
				LD_RUNPATH_SEARCH_PATHS = (
					"$(inherited)",
					"@executable_path/Frameworks",
				);
				MARKETING_VERSION = 1.0;
				PRODUCT_BUNDLE_IDENTIFIER = com.flima.Paklan;
				PRODUCT_NAME = "$(TARGET_NAME)";
				SWIFT_EMIT_LOC_STRINGS = YES;
				SWIFT_VERSION = 5.0;
				TARGETED_DEVICE_FAMILY = "1,2";
			};
			name = Debug;
		};
		DB08D6F1291815740017EB67 /* Release */ = {
			isa = XCBuildConfiguration;
			buildSettings = {
				ASSETCATALOG_COMPILER_APPICON_NAME = AppIcon;
				ASSETCATALOG_COMPILER_GLOBAL_ACCENT_COLOR_NAME = AccentColor;
				CODE_SIGN_STYLE = Automatic;
				CURRENT_PROJECT_VERSION = 1;
				DEVELOPMENT_ASSET_PATHS = "\"Paklan/Preview Content\"";
				DEVELOPMENT_TEAM = 8T8CC2XYY3;
				ENABLE_PREVIEWS = YES;
				GENERATE_INFOPLIST_FILE = YES;
				INFOPLIST_KEY_UIApplicationSceneManifest_Generation = YES;
				INFOPLIST_KEY_UIApplicationSupportsIndirectInputEvents = YES;
				INFOPLIST_KEY_UILaunchScreen_Generation = YES;
				INFOPLIST_KEY_UISupportedInterfaceOrientations_iPad = "UIInterfaceOrientationPortrait UIInterfaceOrientationPortraitUpsideDown UIInterfaceOrientationLandscapeLeft UIInterfaceOrientationLandscapeRight";
				INFOPLIST_KEY_UISupportedInterfaceOrientations_iPhone = "UIInterfaceOrientationPortrait UIInterfaceOrientationLandscapeLeft UIInterfaceOrientationLandscapeRight";
				IPHONEOS_DEPLOYMENT_TARGET = 16.0;
				LD_RUNPATH_SEARCH_PATHS = (
					"$(inherited)",
					"@executable_path/Frameworks",
				);
				MARKETING_VERSION = 1.0;
				PRODUCT_BUNDLE_IDENTIFIER = com.flima.Paklan;
				PRODUCT_NAME = "$(TARGET_NAME)";
				SWIFT_EMIT_LOC_STRINGS = YES;
				SWIFT_VERSION = 5.0;
				TARGETED_DEVICE_FAMILY = "1,2";
			};
			name = Release;
		};
		DB08D6F3291815740017EB67 /* Debug */ = {
			isa = XCBuildConfiguration;
			buildSettings = {
				ALWAYS_EMBED_SWIFT_STANDARD_LIBRARIES = YES;
				BUNDLE_LOADER = "$(TEST_HOST)";
				CODE_SIGN_STYLE = Automatic;
				CURRENT_PROJECT_VERSION = 1;
				DEVELOPMENT_TEAM = 8T8CC2XYY3;
				GENERATE_INFOPLIST_FILE = YES;
				IPHONEOS_DEPLOYMENT_TARGET = 16.1;
				MARKETING_VERSION = 1.0;
				PRODUCT_BUNDLE_IDENTIFIER = com.flima.PaklanTests;
				PRODUCT_NAME = "$(TARGET_NAME)";
				SWIFT_EMIT_LOC_STRINGS = NO;
				SWIFT_VERSION = 5.0;
				TARGETED_DEVICE_FAMILY = "1,2";
				TEST_HOST = "$(BUILT_PRODUCTS_DIR)/Paklan.app/$(BUNDLE_EXECUTABLE_FOLDER_PATH)/Paklan";
			};
			name = Debug;
		};
		DB08D6F4291815740017EB67 /* Release */ = {
			isa = XCBuildConfiguration;
			buildSettings = {
				ALWAYS_EMBED_SWIFT_STANDARD_LIBRARIES = YES;
				BUNDLE_LOADER = "$(TEST_HOST)";
				CODE_SIGN_STYLE = Automatic;
				CURRENT_PROJECT_VERSION = 1;
				DEVELOPMENT_TEAM = 8T8CC2XYY3;
				GENERATE_INFOPLIST_FILE = YES;
				IPHONEOS_DEPLOYMENT_TARGET = 16.1;
				MARKETING_VERSION = 1.0;
				PRODUCT_BUNDLE_IDENTIFIER = com.flima.PaklanTests;
				PRODUCT_NAME = "$(TARGET_NAME)";
				SWIFT_EMIT_LOC_STRINGS = NO;
				SWIFT_VERSION = 5.0;
				TARGETED_DEVICE_FAMILY = "1,2";
				TEST_HOST = "$(BUILT_PRODUCTS_DIR)/Paklan.app/$(BUNDLE_EXECUTABLE_FOLDER_PATH)/Paklan";
			};
			name = Release;
		};
		DB08D6F6291815740017EB67 /* Debug */ = {
			isa = XCBuildConfiguration;
			buildSettings = {
				ALWAYS_EMBED_SWIFT_STANDARD_LIBRARIES = YES;
				CODE_SIGN_STYLE = Automatic;
				CURRENT_PROJECT_VERSION = 1;
				DEVELOPMENT_TEAM = 8T8CC2XYY3;
				GENERATE_INFOPLIST_FILE = YES;
				MARKETING_VERSION = 1.0;
				PRODUCT_BUNDLE_IDENTIFIER = com.flima.PaklanUITests;
				PRODUCT_NAME = "$(TARGET_NAME)";
				SWIFT_EMIT_LOC_STRINGS = NO;
				SWIFT_VERSION = 5.0;
				TARGETED_DEVICE_FAMILY = "1,2";
				TEST_TARGET_NAME = Paklan;
			};
			name = Debug;
		};
		DB08D6F7291815740017EB67 /* Release */ = {
			isa = XCBuildConfiguration;
			buildSettings = {
				ALWAYS_EMBED_SWIFT_STANDARD_LIBRARIES = YES;
				CODE_SIGN_STYLE = Automatic;
				CURRENT_PROJECT_VERSION = 1;
				DEVELOPMENT_TEAM = 8T8CC2XYY3;
				GENERATE_INFOPLIST_FILE = YES;
				MARKETING_VERSION = 1.0;
				PRODUCT_BUNDLE_IDENTIFIER = com.flima.PaklanUITests;
				PRODUCT_NAME = "$(TARGET_NAME)";
				SWIFT_EMIT_LOC_STRINGS = NO;
				SWIFT_VERSION = 5.0;
				TARGETED_DEVICE_FAMILY = "1,2";
				TEST_TARGET_NAME = Paklan;
			};
			name = Release;
		};
/* End XCBuildConfiguration section */

/* Begin XCConfigurationList section */
		DB08D6C62918156C0017EB67 /* Build configuration list for PBXProject "Paklan" */ = {
			isa = XCConfigurationList;
			buildConfigurations = (
				DB08D6ED291815740017EB67 /* Debug */,
				DB08D6EE291815740017EB67 /* Release */,
			);
			defaultConfigurationIsVisible = 0;
			defaultConfigurationName = Release;
		};
		DB08D6EF291815740017EB67 /* Build configuration list for PBXNativeTarget "Paklan" */ = {
			isa = XCConfigurationList;
			buildConfigurations = (
				DB08D6F0291815740017EB67 /* Debug */,
				DB08D6F1291815740017EB67 /* Release */,
			);
			defaultConfigurationIsVisible = 0;
			defaultConfigurationName = Release;
		};
		DB08D6F2291815740017EB67 /* Build configuration list for PBXNativeTarget "PaklanTests" */ = {
			isa = XCConfigurationList;
			buildConfigurations = (
				DB08D6F3291815740017EB67 /* Debug */,
				DB08D6F4291815740017EB67 /* Release */,
			);
			defaultConfigurationIsVisible = 0;
			defaultConfigurationName = Release;
		};
		DB08D6F5291815740017EB67 /* Build configuration list for PBXNativeTarget "PaklanUITests" */ = {
			isa = XCConfigurationList;
			buildConfigurations = (
				DB08D6F6291815740017EB67 /* Debug */,
				DB08D6F7291815740017EB67 /* Release */,
			);
			defaultConfigurationIsVisible = 0;
			defaultConfigurationName = Release;
		};
/* End XCConfigurationList section */

/* Begin XCRemoteSwiftPackageReference section */
		DB08D6FC29181BA90017EB67 /* XCRemoteSwiftPackageReference "firebase-ios-sdk" */ = {
			isa = XCRemoteSwiftPackageReference;
			repositoryURL = "https://github.com/firebase/firebase-ios-sdk";
			requirement = {
				branch = master;
				kind = branch;
			};
		};
/* End XCRemoteSwiftPackageReference section */

/* Begin XCSwiftPackageProductDependency section */
		DB08D6FD29181BA90017EB67 /* FirebaseAnalytics */ = {
			isa = XCSwiftPackageProductDependency;
			package = DB08D6FC29181BA90017EB67 /* XCRemoteSwiftPackageReference "firebase-ios-sdk" */;
			productName = FirebaseAnalytics;
		};
		DB08D6FF29181BA90017EB67 /* FirebaseAnalyticsSwift */ = {
			isa = XCSwiftPackageProductDependency;
			package = DB08D6FC29181BA90017EB67 /* XCRemoteSwiftPackageReference "firebase-ios-sdk" */;
			productName = FirebaseAnalyticsSwift;
		};
		DB08D70129181BA90017EB67 /* FirebaseAuth */ = {
			isa = XCSwiftPackageProductDependency;
			package = DB08D6FC29181BA90017EB67 /* XCRemoteSwiftPackageReference "firebase-ios-sdk" */;
			productName = FirebaseAuth;
		};
		DB08D70329181BA90017EB67 /* FirebaseAuthCombine-Community */ = {
			isa = XCSwiftPackageProductDependency;
			package = DB08D6FC29181BA90017EB67 /* XCRemoteSwiftPackageReference "firebase-ios-sdk" */;
			productName = "FirebaseAuthCombine-Community";
		};
		DB08D70529181BA90017EB67 /* FirebaseDatabase */ = {
			isa = XCSwiftPackageProductDependency;
			package = DB08D6FC29181BA90017EB67 /* XCRemoteSwiftPackageReference "firebase-ios-sdk" */;
			productName = FirebaseDatabase;
		};
		DB08D70729181BA90017EB67 /* FirebaseDatabaseSwift */ = {
			isa = XCSwiftPackageProductDependency;
			package = DB08D6FC29181BA90017EB67 /* XCRemoteSwiftPackageReference "firebase-ios-sdk" */;
			productName = FirebaseDatabaseSwift;
		};
		DB08D70929181BA90017EB67 /* FirebaseFirestore */ = {
			isa = XCSwiftPackageProductDependency;
			package = DB08D6FC29181BA90017EB67 /* XCRemoteSwiftPackageReference "firebase-ios-sdk" */;
			productName = FirebaseFirestore;
		};
		DB08D70B29181BAA0017EB67 /* FirebaseFirestoreSwift */ = {
			isa = XCSwiftPackageProductDependency;
			package = DB08D6FC29181BA90017EB67 /* XCRemoteSwiftPackageReference "firebase-ios-sdk" */;
			productName = FirebaseFirestoreSwift;
		};
		DB08D70D29181BAA0017EB67 /* FirebaseStorage */ = {
			isa = XCSwiftPackageProductDependency;
			package = DB08D6FC29181BA90017EB67 /* XCRemoteSwiftPackageReference "firebase-ios-sdk" */;
			productName = FirebaseStorage;
		};
/* End XCSwiftPackageProductDependency section */
	};
	rootObject = DB08D6C32918156C0017EB67 /* Project object */;
}
